# THIS IS AN AUTOGENERATED FILE. DO NOT EDIT THIS FILE DIRECTLY.
# yarn lockfile v1


tiddlywiki@^5.1.22:
  version "5.1.22"
  resolved "https://registry.yarnpkg.com/tiddlywiki/-/tiddlywiki-5.1.22.tgz#09a7ed46f6ed08791ecf424ff7c4f3ed1c682618"
  integrity sha512-Iav0iC9SnwN6HTYGRfEI7kYDoq+hlKr9fw9o8aTs0wxMp0UzqlvthGwlK1JwrdVIRL92no1lpVGhQQj16ncSQQ==
